
Microsoft Visual Studio Solution File, Format Version 12.00
# Visual Studio Version 17
VisualStudioVersion = 17.4.33110.190
MinimumVisualStudioVersion = 10.0.40219.1
Project("{FAE04EC0-301F-11D3-BF4B-00C04F79EFBC}") = "ЛР11", "ЛР11.csproj", "{7ADBE3D1-3B77-4122-8DA6-4BF1431B0CDF}"
EndProject
Global
	GlobalSection(SolutionConfigurationPlatforms) = preSolution
		Debug|Any CPU = Debug|Any CPU
		Release|Any CPU = Release|Any CPU
	EndGlobalSection
	GlobalSection(ProjectConfigurationPlatforms) = postSolution
		{7ADBE3D1-3B77-4122-8DA6-4BF1431B0CDF}.Debug|Any CPU.ActiveCfg = Debug|Any CPU
		{7ADBE3D1-3B77-4122-8DA6-4BF1431B0CDF}.Debug|Any CPU.Build.0 = Debug|Any CPU
		{7ADBE3D1-3B77-4122-8DA6-4BF1431B0CDF}.Release|Any CPU.ActiveCfg = Release|Any CPU
		{7ADBE3D1-3B77-4122-8DA6-4BF1431B0CDF}.Release|Any CPU.Build.0 = Release|Any CPU
	EndGlobalSection
	GlobalSection(SolutionProperties) = preSolution
		HideSolutionNode = FALSE
	EndGlobalSection
	GlobalSection(ExtensibilityGlobals) = postSolution
		SolutionGuid = {A7BFBA94-0D1B-46C7-9719-F571F6576A77}
	EndGlobalSection
EndGlobal
