
Microsoft Visual Studio Solution File, Format Version 12.00
# Visual Studio Version 17
VisualStudioVersion = 17.4.33110.190
MinimumVisualStudioVersion = 10.0.40219.1
Project("{FAE04EC0-301F-11D3-BF4B-00C04F79EFBC}") = "WinFormsApp7", "WinFormsApp7.csproj", "{7D2E1D70-FD75-40BC-B0B5-476F4D8F12DE}"
EndProject
Global
	GlobalSection(SolutionConfigurationPlatforms) = preSolution
		Debug|Any CPU = Debug|Any CPU
		Release|Any CPU = Release|Any CPU
	EndGlobalSection
	GlobalSection(ProjectConfigurationPlatforms) = postSolution
		{7D2E1D70-FD75-40BC-B0B5-476F4D8F12DE}.Debug|Any CPU.ActiveCfg = Debug|Any CPU
		{7D2E1D70-FD75-40BC-B0B5-476F4D8F12DE}.Debug|Any CPU.Build.0 = Debug|Any CPU
		{7D2E1D70-FD75-40BC-B0B5-476F4D8F12DE}.Release|Any CPU.ActiveCfg = Release|Any CPU
		{7D2E1D70-FD75-40BC-B0B5-476F4D8F12DE}.Release|Any CPU.Build.0 = Release|Any CPU
	EndGlobalSection
	GlobalSection(SolutionProperties) = preSolution
		HideSolutionNode = FALSE
	EndGlobalSection
	GlobalSection(ExtensibilityGlobals) = postSolution
		SolutionGuid = {59E44302-D09C-4FE4-8C6C-C6C48610A44A}
	EndGlobalSection
EndGlobal
